lockfileVersion: '9.0'

settings:
  autoInstallPeers: true
  excludeLinksFromLockfile: false

importers:

  .:
    dependencies:
      '@sica/tokens':
        specifier: workspace:*
        version: link:../../packages/tokens
      '@sica/ui':
        specifier: workspace:*
        version: link:../../packages/ui
      lucide-react:
        specifier: ^0.469.0
        version: 0.469.0(react@19.2.6)
      react:
        specifier: ^19.0.0
        version: 19.2.6
    devDependencies:
      '@sica/config':
        specifier: workspace:*
        version: link:../../packages/config

packages:

  lucide-react@0.469.0:
    resolution: {integrity: sha512-28vvUnnKQ/dBwiCQtwJw7QauYnE7yd2Cyp4tTTJpvglX4EMpbflcdBgrgToX2j71B3YvugK/NH3BGUk+E/p/Fw==}
    peerDependencies:
      react: ^16.5.1 || ^17.0.0 || ^18.0.0 || ^19.0.0

  react@19.2.6:
    resolution: {integrity: sha512-sfWGGfavi0xr8Pg0sVsyHMAOziVYKgPLNrS7ig+ivMNb3wbCBw3KxtflsGBAwD3gYQlE/AEZsTLgToRrSCjb0Q==}
    engines: {node: '>=0.10.0'}

snapshots:

  lucide-react@0.469.0(react@19.2.6):
    dependencies:
      react: 19.2.6

  react@19.2.6: {}
